
Microsoft Visual Studio Solution File, Format Version 12.00
# Visual Studio Version 17
VisualStudioVersion = 17.14.36310.24
MinimumVisualStudioVersion = 10.0.40219.1
Project("{FAE04EC0-301F-11D3-BF4B-00C04F79EFBC}") = "DoctorsClinic.Api", "DoctorsClinic.Api\DoctorsClinic.Api.csproj", "{01095298-C943-4AA6-992D-74FA6F7B39A3}"
EndProject
Project("{FAE04EC0-301F-11D3-BF4B-00C04F79EFBC}") = "DoctorsClinic.Core", "DoctorsClinic.Core\DoctorsClinic.Core.csproj", "{A36D9EAC-D10A-42BC-BDD9-290F219D0717}"
EndProject
Project("{FAE04EC0-301F-11D3-BF4B-00C04F79EFBC}") = "DoctorsClinic.Domain", "DoctorsClinic.Domain\DoctorsClinic.Domain.csproj", "{F2CDFBD4-159E-4FAA-B3CE-44934412538C}"
EndProject
Project("{FAE04EC0-301F-11D3-BF4B-00C04F79EFBC}") = "DoctorsClinic.Infrastructrue", "DoctorsClinic.Infrastructrue\DoctorsClinic.Infrastructrue.csproj", "{1FA1010E-6572-482E-BBAA-4C62C1538DAB}"
EndProject
Global
	GlobalSection(SolutionConfigurationPlatforms) = preSolution
		Debug|Any CPU = Debug|Any CPU
		Release|Any CPU = Release|Any CPU
	EndGlobalSection
	GlobalSection(ProjectConfigurationPlatforms) = postSolution
		{01095298-C943-4AA6-992D-74FA6F7B39A3}.Debug|Any CPU.ActiveCfg = Debug|Any CPU
		{01095298-C943-4AA6-992D-74FA6F7B39A3}.Debug|Any CPU.Build.0 = Debug|Any CPU
		{01095298-C943-4AA6-992D-74FA6F7B39A3}.Release|Any CPU.ActiveCfg = Release|Any CPU
		{01095298-C943-4AA6-992D-74FA6F7B39A3}.Release|Any CPU.Build.0 = Release|Any CPU
		{A36D9EAC-D10A-42BC-BDD9-290F219D0717}.Debug|Any CPU.ActiveCfg = Debug|Any CPU
		{A36D9EAC-D10A-42BC-BDD9-290F219D0717}.Debug|Any CPU.Build.0 = Debug|Any CPU
		{A36D9EAC-D10A-42BC-BDD9-290F219D0717}.Release|Any CPU.ActiveCfg = Release|Any CPU
		{A36D9EAC-D10A-42BC-BDD9-290F219D0717}.Release|Any CPU.Build.0 = Release|Any CPU
		{F2CDFBD4-159E-4FAA-B3CE-44934412538C}.Debug|Any CPU.ActiveCfg = Debug|Any CPU
		{F2CDFBD4-159E-4FAA-B3CE-44934412538C}.Debug|Any CPU.Build.0 = Debug|Any CPU
		{F2CDFBD4-159E-4FAA-B3CE-44934412538C}.Release|Any CPU.ActiveCfg = Release|Any CPU
		{F2CDFBD4-159E-4FAA-B3CE-44934412538C}.Release|Any CPU.Build.0 = Release|Any CPU
		{1FA1010E-6572-482E-BBAA-4C62C1538DAB}.Debug|Any CPU.ActiveCfg = Debug|Any CPU
		{1FA1010E-6572-482E-BBAA-4C62C1538DAB}.Debug|Any CPU.Build.0 = Debug|Any CPU
		{1FA1010E-6572-482E-BBAA-4C62C1538DAB}.Release|Any CPU.ActiveCfg = Release|Any CPU
		{1FA1010E-6572-482E-BBAA-4C62C1538DAB}.Release|Any CPU.Build.0 = Release|Any CPU
	EndGlobalSection
	GlobalSection(SolutionProperties) = preSolution
		HideSolutionNode = FALSE
	EndGlobalSection
	GlobalSection(ExtensibilityGlobals) = postSolution
		SolutionGuid = {59B30283-C50B-42CF-AA4F-EF156283E1CD}
	EndGlobalSection
EndGlobal
